
Microsoft Visual Studio Solution File, Format Version 12.00
# Visual Studio Version 16
VisualStudioVersion = 25.0.1704.4
MinimumVisualStudioVersion = 10.0.40219.1
Project("{FAE04EC0-301F-11D3-BF4B-00C04F79EFBC}") = "SwapNumbers", "SwapNumbers\SwapNumbers.csproj", "{D50E0C0E-DB34-48B8-9B72-9F867C9F8157}"
EndProject
Project("{FAE04EC0-301F-11D3-BF4B-00C04F79EFBC}") = "sumOfEven", "sumOfEven\sumOfEven.csproj", "{D50149CC-7C66-42E5-AF4B-5F49E52A28E3}"
EndProject
Project("{FAE04EC0-301F-11D3-BF4B-00C04F79EFBC}") = "StudentGroup", "StudentGroup\StudentGroup.csproj", "{8B3BDA23-4A2E-418C-ACB1-A6DE2781620F}"
EndProject
Global
	GlobalSection(SolutionConfigurationPlatforms) = preSolution
		Debug|Any CPU = Debug|Any CPU
		Release|Any CPU = Release|Any CPU
	EndGlobalSection
	GlobalSection(ProjectConfigurationPlatforms) = postSolution
		{D50E0C0E-DB34-48B8-9B72-9F867C9F8157}.Debug|Any CPU.ActiveCfg = Debug|Any CPU
		{D50E0C0E-DB34-48B8-9B72-9F867C9F8157}.Debug|Any CPU.Build.0 = Debug|Any CPU
		{D50E0C0E-DB34-48B8-9B72-9F867C9F8157}.Release|Any CPU.ActiveCfg = Release|Any CPU
		{D50E0C0E-DB34-48B8-9B72-9F867C9F8157}.Release|Any CPU.Build.0 = Release|Any CPU
		{D50149CC-7C66-42E5-AF4B-5F49E52A28E3}.Debug|Any CPU.ActiveCfg = Debug|Any CPU
		{D50149CC-7C66-42E5-AF4B-5F49E52A28E3}.Debug|Any CPU.Build.0 = Debug|Any CPU
		{D50149CC-7C66-42E5-AF4B-5F49E52A28E3}.Release|Any CPU.ActiveCfg = Release|Any CPU
		{D50149CC-7C66-42E5-AF4B-5F49E52A28E3}.Release|Any CPU.Build.0 = Release|Any CPU
		{8B3BDA23-4A2E-418C-ACB1-A6DE2781620F}.Debug|Any CPU.ActiveCfg = Debug|Any CPU
		{8B3BDA23-4A2E-418C-ACB1-A6DE2781620F}.Debug|Any CPU.Build.0 = Debug|Any CPU
		{8B3BDA23-4A2E-418C-ACB1-A6DE2781620F}.Release|Any CPU.ActiveCfg = Release|Any CPU
		{8B3BDA23-4A2E-418C-ACB1-A6DE2781620F}.Release|Any CPU.Build.0 = Release|Any CPU
	EndGlobalSection
	GlobalSection(SolutionProperties) = preSolution
		HideSolutionNode = FALSE
	EndGlobalSection
	GlobalSection(ExtensibilityGlobals) = postSolution
		SolutionGuid = {7AE15E9D-5424-4DDE-A5E9-F4BD435FB700}
	EndGlobalSection
EndGlobal
