
Microsoft Visual Studio Solution File, Format Version 12.00
# Visual Studio Version 16
VisualStudioVersion = 25.0.1704.4
MinimumVisualStudioVersion = 10.0.40219.1
Project("{FAE04EC0-301F-11D3-BF4B-00C04F79EFBC}") = "realCalculator", "homework1\realCalculator.csproj", "{3E205770-7C0A-446C-A0BA-4A44FD03EDDE}"
EndProject
Project("{FAE04EC0-301F-11D3-BF4B-00C04F79EFBC}") = "averageNumber", "averageNumber\averageNumber.csproj", "{0FA58385-0B0B-4D79-A58A-DA9A5BBC63FE}"
EndProject
Global
	GlobalSection(SolutionConfigurationPlatforms) = preSolution
		Debug|Any CPU = Debug|Any CPU
		Release|Any CPU = Release|Any CPU
	EndGlobalSection
	GlobalSection(ProjectConfigurationPlatforms) = postSolution
		{3E205770-7C0A-446C-A0BA-4A44FD03EDDE}.Debug|Any CPU.ActiveCfg = Debug|Any CPU
		{3E205770-7C0A-446C-A0BA-4A44FD03EDDE}.Debug|Any CPU.Build.0 = Debug|Any CPU
		{3E205770-7C0A-446C-A0BA-4A44FD03EDDE}.Release|Any CPU.ActiveCfg = Release|Any CPU
		{3E205770-7C0A-446C-A0BA-4A44FD03EDDE}.Release|Any CPU.Build.0 = Release|Any CPU
		{0FA58385-0B0B-4D79-A58A-DA9A5BBC63FE}.Debug|Any CPU.ActiveCfg = Debug|Any CPU
		{0FA58385-0B0B-4D79-A58A-DA9A5BBC63FE}.Debug|Any CPU.Build.0 = Debug|Any CPU
		{0FA58385-0B0B-4D79-A58A-DA9A5BBC63FE}.Release|Any CPU.ActiveCfg = Release|Any CPU
		{0FA58385-0B0B-4D79-A58A-DA9A5BBC63FE}.Release|Any CPU.Build.0 = Release|Any CPU
	EndGlobalSection
	GlobalSection(SolutionProperties) = preSolution
		HideSolutionNode = FALSE
	EndGlobalSection
	GlobalSection(ExtensibilityGlobals) = postSolution
		SolutionGuid = {FA68A53F-0597-43A9-8A53-D0EF09763B90}
	EndGlobalSection
EndGlobal
